PODS:
  - Expecta (1.0.6)
  - Gridicons (1.2.0)
  - NSObject-SafeExpectations (0.0.6)
  - "NSURL+IDN (0.4)"
  - OCMock (3.9.3)
  - Specta (1.0.7)
  - SVProgressHUD (2.2.5)
  - SwiftLint (0.54.0)
  - UIDeviceIdentifier (2.3.0)
  - WordPressAuthenticator (9.0.4):
    - Gridicons (~> 1.0)
    - "NSURL+IDN (= 0.4)"
    - SVProgressHUD (~> 2.2.5)
    - WordPressKit (~> 15.0)
    - WordPressShared (~> 2.1-beta)
    - WordPressUI (~> 1.7-beta)
  - WordPressKit (15.0.0):
    - NSObject-SafeExpectations (~> 0.0.4)
    - UIDeviceIdentifier (~> 2.0)
    - WordPressShared (~> 2.0-beta)
    - wpxmlrpc (~> 0.10)
  - WordPressShared (2.2.0)
  - WordPressUI (1.15.0)
  - wpxmlrpc (0.10.0)

DEPENDENCIES:
  - Expecta (= 1.0.6)
  - Gridicons (~> 1.0)
  - "NSURL+IDN (= 0.4)"
  - OCMock (~> 3.4)
  - Specta (= 1.0.7)
  - SVProgressHUD (= 2.2.5)
  - SwiftLint (= 0.54.0)
  - WordPressAuthenticator (from `.`)
  - WordPressKit (~> 15.0)
  - WordPressShared (~> 2.1-beta)
  - WordPressUI (~> 1.7-beta)

SPEC REPOS:
  trunk:
    - Expecta
    - Gridicons
    - NSObject-SafeExpectations
    - "NSURL+IDN"
    - OCMock
    - Specta
    - SVProgressHUD
    - SwiftLint
    - UIDeviceIdentifier
    - WordPressKit
    - WordPressShared
    - WordPressUI
    - wpxmlrpc

EXTERNAL SOURCES:
  WordPressAuthenticator:
    :path: "."

SPEC CHECKSUMS:
  Expecta: 3b6bd90a64b9a1dcb0b70aa0e10a7f8f631667d5
  Gridicons: 4455b9f366960121430e45997e32112ae49ffe1d
  NSObject-SafeExpectations: c01c8881cbd97efad6f668286b913cd0b7d62ab5
  "NSURL+IDN": afc873e639c18138a1589697c3add197fe8679ca
  OCMock: 300b1b1b9155cb6378660b981c2557448830bdc6
  Specta: 3e1bd89c3517421982dc4d1c992503e48bd5fe66
  SVProgressHUD: 1428aafac632c1f86f62aa4243ec12008d7a51d6
  SwiftLint: c1de071d9d08c8aba837545f6254315bc900e211
  UIDeviceIdentifier: 442b65b4ff1832d4ca9c2a157815cb29ad981b17
  WordPressAuthenticator: b5915609e4b569cc26cda5e33d3924d3bdaef7ba
  WordPressKit: d4db2fa5861380bd6b71d5574f2bc63cdeee47ba
  WordPressShared: 87f3ee89b0a3e83106106f13a8b71605fb8eb6d2
  WordPressUI: a491454affda3b0fb812812e637dc5e8f8f6bd06
  wpxmlrpc: 68db063041e85d186db21f674adf08d9c70627fd

PODFILE CHECKSUM: 64d33bcfea34f300f162f3ffac9fd2d31af36917

COCOAPODS: 1.14.3
