// !$*UTF8*$!
{
	archiveVersion = 1;
	classes = {
	};
	objectVersion = 56;
	objects = {

/* Begin PBXAggregateTarget section */
		3F27A54E291AE3CF0000996B /* GenerateCredentials */ = {
			isa = PBXAggregateTarget;
			buildConfigurationList = 3F27A54F291AE3CF0000996B /* Build configuration list for PBXAggregateTarget "GenerateCredentials" */;
			buildPhases = (
				3F27A552291AE3D60000996B /* Generate Credentials */,
			);
			dependencies = (
			);
			name = GenerateCredentials;
			productName = GenerateCredentials;
		};
/* End PBXAggregateTarget section */

/* Begin PBXBuildFile section */
		0B9084355AE56CADE54CE018 /* Pods_AuthenticatorDemo.framework in Frameworks */ = {isa = PBXBuildFile; fileRef = AF02C0C8B7B005AAE3C08BD9 /* Pods_AuthenticatorDemo.framework */; };
		3F27A54D291ADF490000996B /* WKWebView+UserAgent.swift in Sources */ = {isa = PBXBuildFile; fileRef = 3F27A54C291ADF490000996B /* WKWebView+UserAgent.swift */; };
		3F27A556291AE5F00000996B /* Secrets.swift in Sources */ = {isa = PBXBuildFile; fileRef = 3F27A555291AE5F00000996B /* Secrets.swift */; };
		3F27A558291B67C20000996B /* PrintFunctionName.swift in Sources */ = {isa = PBXBuildFile; fileRef = 3F27A557291B67C20000996B /* PrintFunctionName.swift */; };
		3F27A55A291BC6300000996B /* UIAlertController+Utils.swift in Sources */ = {isa = PBXBuildFile; fileRef = 3F27A559291BC6300000996B /* UIAlertController+Utils.swift */; };
		3F27A55C291BC68A0000996B /* UIViewController+Presentation.swift in Sources */ = {isa = PBXBuildFile; fileRef = 3F27A55B291BC68A0000996B /* UIViewController+Presentation.swift */; };
		3F27A55E291E41CC0000996B /* ViewController+WordPressAuthenticationDelegate.swift in Sources */ = {isa = PBXBuildFile; fileRef = 3F27A55D291E41CC0000996B /* ViewController+WordPressAuthenticationDelegate.swift */; };
		3F27A560291E421C0000996B /* ViewController+WordPressAuthenticator.swift in Sources */ = {isa = PBXBuildFile; fileRef = 3F27A55F291E421C0000996B /* ViewController+WordPressAuthenticator.swift */; };
		3F27A562291E43F60000996B /* CellConfiguration.swift in Sources */ = {isa = PBXBuildFile; fileRef = 3F27A561291E43F60000996B /* CellConfiguration.swift */; };
		3FB5B6EF2912420E00F40408 /* AppDelegate.swift in Sources */ = {isa = PBXBuildFile; fileRef = 3FB5B6EE2912420E00F40408 /* AppDelegate.swift */; };
		3FB5B6F12912420E00F40408 /* SceneDelegate.swift in Sources */ = {isa = PBXBuildFile; fileRef = 3FB5B6F02912420E00F40408 /* SceneDelegate.swift */; };
		3FB5B6F32912420E00F40408 /* ViewController.swift in Sources */ = {isa = PBXBuildFile; fileRef = 3FB5B6F22912420E00F40408 /* ViewController.swift */; };
		3FB5B6F82912420F00F40408 /* Assets.xcassets in Resources */ = {isa = PBXBuildFile; fileRef = 3FB5B6F72912420F00F40408 /* Assets.xcassets */; };
		3FB5B6FB2912420F00F40408 /* LaunchScreen.storyboard in Resources */ = {isa = PBXBuildFile; fileRef = 3FB5B6F92912420F00F40408 /* LaunchScreen.storyboard */; };
		3FEAB5AD29235C89002689D9 /* ASWebAuthenticationSession+Utils.swift in Sources */ = {isa = PBXBuildFile; fileRef = 3FEAB5AC29235C89002689D9 /* ASWebAuthenticationSession+Utils.swift */; };
		3FEAB5AF2923A153002689D9 /* ProofKeyForCodeExchange.swift in Sources */ = {isa = PBXBuildFile; fileRef = 3FEAB5AE2923A153002689D9 /* ProofKeyForCodeExchange.swift */; };
		3FEAB5B12923A1D9002689D9 /* OAuthTokenRequestBody.swift in Sources */ = {isa = PBXBuildFile; fileRef = 3FEAB5B02923A1D9002689D9 /* OAuthTokenRequestBody.swift */; };
/* End PBXBuildFile section */

/* Begin PBXContainerItemProxy section */
		3F27A553291AE4030000996B /* PBXContainerItemProxy */ = {
			isa = PBXContainerItemProxy;
			containerPortal = 3FB5B6E32912420E00F40408 /* Project object */;
			proxyType = 1;
			remoteGlobalIDString = 3F27A54E291AE3CF0000996B;
			remoteInfo = GenerateCredentials;
		};
/* End PBXContainerItemProxy section */

/* Begin PBXFileReference section */
		3F27A54C291ADF490000996B /* WKWebView+UserAgent.swift */ = {isa = PBXFileReference; lastKnownFileType = sourcecode.swift; path = "WKWebView+UserAgent.swift"; sourceTree = "<group>"; };
		3F27A555291AE5F00000996B /* Secrets.swift */ = {isa = PBXFileReference; fileEncoding = 4; lastKnownFileType = sourcecode.swift; name = Secrets.swift; path = ../Secrets.swift; sourceTree = BUILT_PRODUCTS_DIR; };
		3F27A557291B67C20000996B /* PrintFunctionName.swift */ = {isa = PBXFileReference; lastKnownFileType = sourcecode.swift; path = PrintFunctionName.swift; sourceTree = "<group>"; };
		3F27A559291BC6300000996B /* UIAlertController+Utils.swift */ = {isa = PBXFileReference; lastKnownFileType = sourcecode.swift; path = "UIAlertController+Utils.swift"; sourceTree = "<group>"; };
		3F27A55B291BC68A0000996B /* UIViewController+Presentation.swift */ = {isa = PBXFileReference; lastKnownFileType = sourcecode.swift; path = "UIViewController+Presentation.swift"; sourceTree = "<group>"; };
		3F27A55D291E41CC0000996B /* ViewController+WordPressAuthenticationDelegate.swift */ = {isa = PBXFileReference; lastKnownFileType = sourcecode.swift; path = "ViewController+WordPressAuthenticationDelegate.swift"; sourceTree = "<group>"; };
		3F27A55F291E421C0000996B /* ViewController+WordPressAuthenticator.swift */ = {isa = PBXFileReference; lastKnownFileType = sourcecode.swift; path = "ViewController+WordPressAuthenticator.swift"; sourceTree = "<group>"; };
		3F27A561291E43F60000996B /* CellConfiguration.swift */ = {isa = PBXFileReference; lastKnownFileType = sourcecode.swift; path = CellConfiguration.swift; sourceTree = "<group>"; };
		3FB5B6EB2912420E00F40408 /* AuthenticatorDemo.app */ = {isa = PBXFileReference; explicitFileType = wrapper.application; includeInIndex = 0; path = AuthenticatorDemo.app; sourceTree = BUILT_PRODUCTS_DIR; };
		3FB5B6EE2912420E00F40408 /* AppDelegate.swift */ = {isa = PBXFileReference; lastKnownFileType = sourcecode.swift; path = AppDelegate.swift; sourceTree = "<group>"; };
		3FB5B6F02912420E00F40408 /* SceneDelegate.swift */ = {isa = PBXFileReference; lastKnownFileType = sourcecode.swift; path = SceneDelegate.swift; sourceTree = "<group>"; };
		3FB5B6F22912420E00F40408 /* ViewController.swift */ = {isa = PBXFileReference; lastKnownFileType = sourcecode.swift; path = ViewController.swift; sourceTree = "<group>"; };
		3FB5B6F72912420F00F40408 /* Assets.xcassets */ = {isa = PBXFileReference; lastKnownFileType = folder.assetcatalog; path = Assets.xcassets; sourceTree = "<group>"; };
		3FB5B6FA2912420F00F40408 /* Base */ = {isa = PBXFileReference; lastKnownFileType = file.storyboard; name = Base; path = Base.lproj/LaunchScreen.storyboard; sourceTree = "<group>"; };
		3FB5B6FC2912420F00F40408 /* Info.plist */ = {isa = PBXFileReference; lastKnownFileType = text.plist.xml; path = Info.plist; sourceTree = "<group>"; };
		3FEAB5AC29235C89002689D9 /* ASWebAuthenticationSession+Utils.swift */ = {isa = PBXFileReference; lastKnownFileType = sourcecode.swift; path = "ASWebAuthenticationSession+Utils.swift"; sourceTree = "<group>"; };
		3FEAB5AE2923A153002689D9 /* ProofKeyForCodeExchange.swift */ = {isa = PBXFileReference; lastKnownFileType = sourcecode.swift; path = ProofKeyForCodeExchange.swift; sourceTree = "<group>"; };
		3FEAB5B02923A1D9002689D9 /* OAuthTokenRequestBody.swift */ = {isa = PBXFileReference; lastKnownFileType = sourcecode.swift; path = OAuthTokenRequestBody.swift; sourceTree = "<group>"; };
		8EA9B92A13352F8E6893C418 /* Pods-AuthenticatorDemo.debug.xcconfig */ = {isa = PBXFileReference; includeInIndex = 1; lastKnownFileType = text.xcconfig; name = "Pods-AuthenticatorDemo.debug.xcconfig"; path = "Target Support Files/Pods-AuthenticatorDemo/Pods-AuthenticatorDemo.debug.xcconfig"; sourceTree = "<group>"; };
		AF02C0C8B7B005AAE3C08BD9 /* Pods_AuthenticatorDemo.framework */ = {isa = PBXFileReference; explicitFileType = wrapper.framework; includeInIndex = 0; path = Pods_AuthenticatorDemo.framework; sourceTree = BUILT_PRODUCTS_DIR; };
		D2CF1D70C197A00030221283 /* Pods-AuthenticatorDemo.release.xcconfig */ = {isa = PBXFileReference; includeInIndex = 1; lastKnownFileType = text.xcconfig; name = "Pods-AuthenticatorDemo.release.xcconfig"; path = "Target Support Files/Pods-AuthenticatorDemo/Pods-AuthenticatorDemo.release.xcconfig"; sourceTree = "<group>"; };
/* End PBXFileReference section */

/* Begin PBXFrameworksBuildPhase section */
		3FB5B6E82912420E00F40408 /* Frameworks */ = {
			isa = PBXFrameworksBuildPhase;
			buildActionMask = 2147483647;
			files = (
				0B9084355AE56CADE54CE018 /* Pods_AuthenticatorDemo.framework in Frameworks */,
			);
			runOnlyForDeploymentPostprocessing = 0;
		};
/* End PBXFrameworksBuildPhase section */

/* Begin PBXGroup section */
		3FB5B6E22912420E00F40408 = {
			isa = PBXGroup;
			children = (
				3FB5B6ED2912420E00F40408 /* AuthenticatorDemo */,
				3FB5B6EC2912420E00F40408 /* Products */,
				B3ACA7C5B5F26F3C9C315ED8 /* Pods */,
				7845A9AC647B3C5B233BAAE6 /* Frameworks */,
			);
			sourceTree = "<group>";
		};
		3FB5B6EC2912420E00F40408 /* Products */ = {
			isa = PBXGroup;
			children = (
				3FB5B6EB2912420E00F40408 /* AuthenticatorDemo.app */,
			);
			name = Products;
			sourceTree = "<group>";
		};
		3FB5B6ED2912420E00F40408 /* AuthenticatorDemo */ = {
			isa = PBXGroup;
			children = (
				3FB5B6EE2912420E00F40408 /* AppDelegate.swift */,
				3FB5B6F72912420F00F40408 /* Assets.xcassets */,
				3FEAB5AC29235C89002689D9 /* ASWebAuthenticationSession+Utils.swift */,
				3F27A561291E43F60000996B /* CellConfiguration.swift */,
				3FB5B6FC2912420F00F40408 /* Info.plist */,
				3FB5B6F92912420F00F40408 /* LaunchScreen.storyboard */,
				3FEAB5B02923A1D9002689D9 /* OAuthTokenRequestBody.swift */,
				3F27A557291B67C20000996B /* PrintFunctionName.swift */,
				3FEAB5AE2923A153002689D9 /* ProofKeyForCodeExchange.swift */,
				3FB5B6F02912420E00F40408 /* SceneDelegate.swift */,
				3F27A555291AE5F00000996B /* Secrets.swift */,
				3F27A559291BC6300000996B /* UIAlertController+Utils.swift */,
				3F27A55B291BC68A0000996B /* UIViewController+Presentation.swift */,
				3FB5B6F22912420E00F40408 /* ViewController.swift */,
				3F27A55D291E41CC0000996B /* ViewController+WordPressAuthenticationDelegate.swift */,
				3F27A55F291E421C0000996B /* ViewController+WordPressAuthenticator.swift */,
				3F27A54C291ADF490000996B /* WKWebView+UserAgent.swift */,
			);
			path = AuthenticatorDemo;
			sourceTree = "<group>";
		};
		7845A9AC647B3C5B233BAAE6 /* Frameworks */ = {
			isa = PBXGroup;
			children = (
				AF02C0C8B7B005AAE3C08BD9 /* Pods_AuthenticatorDemo.framework */,
			);
			name = Frameworks;
			sourceTree = "<group>";
		};
		B3ACA7C5B5F26F3C9C315ED8 /* Pods */ = {
			isa = PBXGroup;
			children = (
				8EA9B92A13352F8E6893C418 /* Pods-AuthenticatorDemo.debug.xcconfig */,
				D2CF1D70C197A00030221283 /* Pods-AuthenticatorDemo.release.xcconfig */,
			);
			name = Pods;
			path = ../Pods;
			sourceTree = "<group>";
		};
/* End PBXGroup section */

/* Begin PBXNativeTarget section */
		3FB5B6EA2912420E00F40408 /* AuthenticatorDemo */ = {
			isa = PBXNativeTarget;
			buildConfigurationList = 3FB5B6FF2912420F00F40408 /* Build configuration list for PBXNativeTarget "AuthenticatorDemo" */;
			buildPhases = (
				6BD1315017418D9BD8513AB2 /* [CP] Check Pods Manifest.lock */,
				3FB5B6E72912420E00F40408 /* Sources */,
				3FB5B6E82912420E00F40408 /* Frameworks */,
				3FB5B6E92912420E00F40408 /* Resources */,
				46F868D4B05D9FAC769EF4C5 /* [CP] Embed Pods Frameworks */,
			);
			buildRules = (
			);
			dependencies = (
				3F27A554291AE4030000996B /* PBXTargetDependency */,
			);
			name = AuthenticatorDemo;
			productName = AuthenticatorDemo;
			productReference = 3FB5B6EB2912420E00F40408 /* AuthenticatorDemo.app */;
			productType = "com.apple.product-type.application";
		};
/* End PBXNativeTarget section */

/* Begin PBXProject section */
		3FB5B6E32912420E00F40408 /* Project object */ = {
			isa = PBXProject;
			attributes = {
				BuildIndependentTargetsInParallel = 1;
				LastSwiftUpdateCheck = 1400;
				LastUpgradeCheck = 1400;
				TargetAttributes = {
					3F27A54E291AE3CF0000996B = {
						CreatedOnToolsVersion = 14.1;
					};
					3FB5B6EA2912420E00F40408 = {
						CreatedOnToolsVersion = 14.0.1;
					};
				};
			};
			buildConfigurationList = 3FB5B6E62912420E00F40408 /* Build configuration list for PBXProject "AuthenticatorDemo" */;
			compatibilityVersion = "Xcode 14.0";
			developmentRegion = en;
			hasScannedForEncodings = 0;
			knownRegions = (
				en,
				Base,
			);
			mainGroup = 3FB5B6E22912420E00F40408;
			productRefGroup = 3FB5B6EC2912420E00F40408 /* Products */;
			projectDirPath = "";
			projectRoot = "";
			targets = (
				3FB5B6EA2912420E00F40408 /* AuthenticatorDemo */,
				3F27A54E291AE3CF0000996B /* GenerateCredentials */,
			);
		};
/* End PBXProject section */

/* Begin PBXResourcesBuildPhase section */
		3FB5B6E92912420E00F40408 /* Resources */ = {
			isa = PBXResourcesBuildPhase;
			buildActionMask = 2147483647;
			files = (
				3FB5B6FB2912420F00F40408 /* LaunchScreen.storyboard in Resources */,
				3FB5B6F82912420F00F40408 /* Assets.xcassets in Resources */,
			);
			runOnlyForDeploymentPostprocessing = 0;
		};
/* End PBXResourcesBuildPhase section */

/* Begin PBXShellScriptBuildPhase section */
		3F27A552291AE3D60000996B /* Generate Credentials */ = {
			isa = PBXShellScriptBuildPhase;
			buildActionMask = 2147483647;
			files = (
			);
			inputFileListPaths = (
				"$(SRCROOT)/Build-Phases/GenerateCredentials.xcfilelist",
			);
			inputPaths = (
			);
			name = "Generate Credentials";
			outputFileListPaths = (
			);
			outputPaths = (
				"$(BUILD_DIR)/Secrets.swift",
			);
			runOnlyForDeploymentPostprocessing = 0;
			shellPath = /bin/sh;
			shellScript = "$SRCROOT/Build-Phases/GenerateCredentials.sh\n";
		};
		46F868D4B05D9FAC769EF4C5 /* [CP] Embed Pods Frameworks */ = {
			isa = PBXShellScriptBuildPhase;
			buildActionMask = 2147483647;
			files = (
			);
			inputFileListPaths = (
				"${PODS_ROOT}/Target Support Files/Pods-AuthenticatorDemo/Pods-AuthenticatorDemo-frameworks-${CONFIGURATION}-input-files.xcfilelist",
			);
			name = "[CP] Embed Pods Frameworks";
			outputFileListPaths = (
				"${PODS_ROOT}/Target Support Files/Pods-AuthenticatorDemo/Pods-AuthenticatorDemo-frameworks-${CONFIGURATION}-output-files.xcfilelist",
			);
			runOnlyForDeploymentPostprocessing = 0;
			shellPath = /bin/sh;
			shellScript = "\"${PODS_ROOT}/Target Support Files/Pods-AuthenticatorDemo/Pods-AuthenticatorDemo-frameworks.sh\"\n";
			showEnvVarsInLog = 0;
		};
		6BD1315017418D9BD8513AB2 /* [CP] Check Pods Manifest.lock */ = {
			isa = PBXShellScriptBuildPhase;
			buildActionMask = 2147483647;
			files = (
			);
			inputFileListPaths = (
			);
			inputPaths = (
				"${PODS_PODFILE_DIR_PATH}/Podfile.lock",
				"${PODS_ROOT}/Manifest.lock",
			);
			name = "[CP] Check Pods Manifest.lock";
			outputFileListPaths = (
			);
			outputPaths = (
				"$(DERIVED_FILE_DIR)/Pods-AuthenticatorDemo-checkManifestLockResult.txt",
			);
			runOnlyForDeploymentPostprocessing = 0;
			shellPath = /bin/sh;
			shellScript = "diff \"${PODS_PODFILE_DIR_PATH}/Podfile.lock\" \"${PODS_ROOT}/Manifest.lock\" > /dev/null\nif [ $? != 0 ] ; then\n    # print error to STDERR\n    echo \"error: The sandbox is not in sync with the Podfile.lock. Run 'pod install' or update your CocoaPods installation.\" >&2\n    exit 1\nfi\n# This output is used by Xcode 'outputs' to avoid re-running this script phase.\necho \"SUCCESS\" > \"${SCRIPT_OUTPUT_FILE_0}\"\n";
			showEnvVarsInLog = 0;
		};
/* End PBXShellScriptBuildPhase section */

/* Begin PBXSourcesBuildPhase section */
		3FB5B6E72912420E00F40408 /* Sources */ = {
			isa = PBXSourcesBuildPhase;
			buildActionMask = 2147483647;
			files = (
				3F27A54D291ADF490000996B /* WKWebView+UserAgent.swift in Sources */,
				3F27A562291E43F60000996B /* CellConfiguration.swift in Sources */,
				3F27A556291AE5F00000996B /* Secrets.swift in Sources */,
				3FEAB5AD29235C89002689D9 /* ASWebAuthenticationSession+Utils.swift in Sources */,
				3F27A55C291BC68A0000996B /* UIViewController+Presentation.swift in Sources */,
				3FEAB5B12923A1D9002689D9 /* OAuthTokenRequestBody.swift in Sources */,
				3F27A558291B67C20000996B /* PrintFunctionName.swift in Sources */,
				3F27A560291E421C0000996B /* ViewController+WordPressAuthenticator.swift in Sources */,
				3FB5B6F32912420E00F40408 /* ViewController.swift in Sources */,
				3FB5B6EF2912420E00F40408 /* AppDelegate.swift in Sources */,
				3FB5B6F12912420E00F40408 /* SceneDelegate.swift in Sources */,
				3FEAB5AF2923A153002689D9 /* ProofKeyForCodeExchange.swift in Sources */,
				3F27A55A291BC6300000996B /* UIAlertController+Utils.swift in Sources */,
				3F27A55E291E41CC0000996B /* ViewController+WordPressAuthenticationDelegate.swift in Sources */,
			);
			runOnlyForDeploymentPostprocessing = 0;
		};
/* End PBXSourcesBuildPhase section */

/* Begin PBXTargetDependency section */
		3F27A554291AE4030000996B /* PBXTargetDependency */ = {
			isa = PBXTargetDependency;
			target = 3F27A54E291AE3CF0000996B /* GenerateCredentials */;
			targetProxy = 3F27A553291AE4030000996B /* PBXContainerItemProxy */;
		};
/* End PBXTargetDependency section */

/* Begin PBXVariantGroup section */
		3FB5B6F92912420F00F40408 /* LaunchScreen.storyboard */ = {
			isa = PBXVariantGroup;
			children = (
				3FB5B6FA2912420F00F40408 /* Base */,
			);
			name = LaunchScreen.storyboard;
			sourceTree = "<group>";
		};
/* End PBXVariantGroup section */

/* Begin XCBuildConfiguration section */
		3F27A550291AE3CF0000996B /* Debug */ = {
			isa = XCBuildConfiguration;
			buildSettings = {
				CODE_SIGN_STYLE = Automatic;
				PRODUCT_NAME = "$(TARGET_NAME)";
			};
			name = Debug;
		};
		3F27A551291AE3CF0000996B /* Release */ = {
			isa = XCBuildConfiguration;
			buildSettings = {
				CODE_SIGN_STYLE = Automatic;
				PRODUCT_NAME = "$(TARGET_NAME)";
			};
			name = Release;
		};
		3FB5B6FD2912420F00F40408 /* Debug */ = {
			isa = XCBuildConfiguration;
			buildSettings = {
				ALWAYS_SEARCH_USER_PATHS = NO;
				CLANG_ANALYZER_NONNULL = YES;
				CLANG_ANALYZER_NUMBER_OBJECT_CONVERSION = YES_AGGRESSIVE;
				CLANG_CXX_LANGUAGE_STANDARD = "gnu++20";
				CLANG_ENABLE_MODULES = YES;
				CLANG_ENABLE_OBJC_ARC = YES;
				CLANG_ENABLE_OBJC_WEAK = YES;
				CLANG_WARN_BLOCK_CAPTURE_AUTORELEASING = YES;
				CLANG_WARN_BOOL_CONVERSION = YES;
				CLANG_WARN_COMMA = YES;
				CLANG_WARN_CONSTANT_CONVERSION = YES;
				CLANG_WARN_DEPRECATED_OBJC_IMPLEMENTATIONS = YES;
				CLANG_WARN_DIRECT_OBJC_ISA_USAGE = YES_ERROR;
				CLANG_WARN_DOCUMENTATION_COMMENTS = YES;
				CLANG_WARN_EMPTY_BODY = YES;
				CLANG_WARN_ENUM_CONVERSION = YES;
				CLANG_WARN_INFINITE_RECURSION = YES;
				CLANG_WARN_INT_CONVERSION = YES;
				CLANG_WARN_NON_LITERAL_NULL_CONVERSION = YES;
				CLANG_WARN_OBJC_IMPLICIT_RETAIN_SELF = YES;
				CLANG_WARN_OBJC_LITERAL_CONVERSION = YES;
				CLANG_WARN_OBJC_ROOT_CLASS = YES_ERROR;
				CLANG_WARN_QUOTED_INCLUDE_IN_FRAMEWORK_HEADER = YES;
				CLANG_WARN_RANGE_LOOP_ANALYSIS = YES;
				CLANG_WARN_STRICT_PROTOTYPES = YES;
				CLANG_WARN_SUSPICIOUS_MOVE = YES;
				CLANG_WARN_UNGUARDED_AVAILABILITY = YES_AGGRESSIVE;
				CLANG_WARN_UNREACHABLE_CODE = YES;
				CLANG_WARN__DUPLICATE_METHOD_MATCH = YES;
				COPY_PHASE_STRIP = NO;
				DEBUG_INFORMATION_FORMAT = dwarf;
				ENABLE_STRICT_OBJC_MSGSEND = YES;
				ENABLE_TESTABILITY = YES;
				GCC_C_LANGUAGE_STANDARD = gnu11;
				GCC_DYNAMIC_NO_PIC = NO;
				GCC_NO_COMMON_BLOCKS = YES;
				GCC_OPTIMIZATION_LEVEL = 0;
				GCC_PREPROCESSOR_DEFINITIONS = (
					"DEBUG=1",
					"$(inherited)",
				);
				GCC_WARN_64_TO_32_BIT_CONVERSION = YES;
				GCC_WARN_ABOUT_RETURN_TYPE = YES_ERROR;
				GCC_WARN_UNDECLARED_SELECTOR = YES;
				GCC_WARN_UNINITIALIZED_AUTOS = YES_AGGRESSIVE;
				GCC_WARN_UNUSED_FUNCTION = YES;
				GCC_WARN_UNUSED_VARIABLE = YES;
				IPHONEOS_DEPLOYMENT_TARGET = 16.0;
				MTL_ENABLE_DEBUG_INFO = INCLUDE_SOURCE;
				MTL_FAST_MATH = YES;
				ONLY_ACTIVE_ARCH = YES;
				SDKROOT = iphoneos;
				SWIFT_ACTIVE_COMPILATION_CONDITIONS = DEBUG;
				SWIFT_OPTIMIZATION_LEVEL = "-Onone";
			};
			name = Debug;
		};
		3FB5B6FE2912420F00F40408 /* Release */ = {
			isa = XCBuildConfiguration;
			buildSettings = {
				ALWAYS_SEARCH_USER_PATHS = NO;
				CLANG_ANALYZER_NONNULL = YES;
				CLANG_ANALYZER_NUMBER_OBJECT_CONVERSION = YES_AGGRESSIVE;
				CLANG_CXX_LANGUAGE_STANDARD = "gnu++20";
				CLANG_ENABLE_MODULES = YES;
				CLANG_ENABLE_OBJC_ARC = YES;
				CLANG_ENABLE_OBJC_WEAK = YES;
				CLANG_WARN_BLOCK_CAPTURE_AUTORELEASING = YES;
				CLANG_WARN_BOOL_CONVERSION = YES;
				CLANG_WARN_COMMA = YES;
				CLANG_WARN_CONSTANT_CONVERSION = YES;
				CLANG_WARN_DEPRECATED_OBJC_IMPLEMENTATIONS = YES;
				CLANG_WARN_DIRECT_OBJC_ISA_USAGE = YES_ERROR;
				CLANG_WARN_DOCUMENTATION_COMMENTS = YES;
				CLANG_WARN_EMPTY_BODY = YES;
				CLANG_WARN_ENUM_CONVERSION = YES;
				CLANG_WARN_INFINITE_RECURSION = YES;
				CLANG_WARN_INT_CONVERSION = YES;
				CLANG_WARN_NON_LITERAL_NULL_CONVERSION = YES;
				CLANG_WARN_OBJC_IMPLICIT_RETAIN_SELF = YES;
				CLANG_WARN_OBJC_LITERAL_CONVERSION = YES;
				CLANG_WARN_OBJC_ROOT_CLASS = YES_ERROR;
				CLANG_WARN_QUOTED_INCLUDE_IN_FRAMEWORK_HEADER = YES;
				CLANG_WARN_RANGE_LOOP_ANALYSIS = YES;
				CLANG_WARN_STRICT_PROTOTYPES = YES;
				CLANG_WARN_SUSPICIOUS_MOVE = YES;
				CLANG_WARN_UNGUARDED_AVAILABILITY = YES_AGGRESSIVE;
				CLANG_WARN_UNREACHABLE_CODE = YES;
				CLANG_WARN__DUPLICATE_METHOD_MATCH = YES;
				COPY_PHASE_STRIP = NO;
				DEBUG_INFORMATION_FORMAT = "dwarf-with-dsym";
				ENABLE_NS_ASSERTIONS = NO;
				ENABLE_STRICT_OBJC_MSGSEND = YES;
				GCC_C_LANGUAGE_STANDARD = gnu11;
				GCC_NO_COMMON_BLOCKS = YES;
				GCC_WARN_64_TO_32_BIT_CONVERSION = YES;
				GCC_WARN_ABOUT_RETURN_TYPE = YES_ERROR;
				GCC_WARN_UNDECLARED_SELECTOR = YES;
				GCC_WARN_UNINITIALIZED_AUTOS = YES_AGGRESSIVE;
				GCC_WARN_UNUSED_FUNCTION = YES;
				GCC_WARN_UNUSED_VARIABLE = YES;
				IPHONEOS_DEPLOYMENT_TARGET = 16.0;
				MTL_ENABLE_DEBUG_INFO = NO;
				MTL_FAST_MATH = YES;
				SDKROOT = iphoneos;
				SWIFT_COMPILATION_MODE = wholemodule;
				SWIFT_OPTIMIZATION_LEVEL = "-O";
				VALIDATE_PRODUCT = YES;
			};
			name = Release;
		};
		3FB5B7002912420F00F40408 /* Debug */ = {
			isa = XCBuildConfiguration;
			baseConfigurationReference = 8EA9B92A13352F8E6893C418 /* Pods-AuthenticatorDemo.debug.xcconfig */;
			buildSettings = {
				ASSETCATALOG_COMPILER_APPICON_NAME = AppIcon;
				ASSETCATALOG_COMPILER_GLOBAL_ACCENT_COLOR_NAME = AccentColor;
				CODE_SIGN_STYLE = Automatic;
				CURRENT_PROJECT_VERSION = 1;
				GENERATE_INFOPLIST_FILE = YES;
				INFOPLIST_FILE = AuthenticatorDemo/Info.plist;
				INFOPLIST_KEY_UIApplicationSupportsIndirectInputEvents = YES;
				INFOPLIST_KEY_UILaunchStoryboardName = LaunchScreen;
				INFOPLIST_KEY_UISupportedInterfaceOrientations_iPad = "UIInterfaceOrientationPortrait UIInterfaceOrientationPortraitUpsideDown UIInterfaceOrientationLandscapeLeft UIInterfaceOrientationLandscapeRight";
				INFOPLIST_KEY_UISupportedInterfaceOrientations_iPhone = "UIInterfaceOrientationPortrait UIInterfaceOrientationLandscapeLeft UIInterfaceOrientationLandscapeRight";
				LD_RUNPATH_SEARCH_PATHS = (
					"$(inherited)",
					"@executable_path/Frameworks",
				);
				MARKETING_VERSION = 1.0;
				PRODUCT_BUNDLE_IDENTIFIER = oss.automattic.AuthenticatorDemo;
				PRODUCT_NAME = "$(TARGET_NAME)";
				SWIFT_EMIT_LOC_STRINGS = YES;
				SWIFT_VERSION = 5.0;
				TARGETED_DEVICE_FAMILY = "1,2";
			};
			name = Debug;
		};
		3FB5B7012912420F00F40408 /* Release */ = {
			isa = XCBuildConfiguration;
			baseConfigurationReference = D2CF1D70C197A00030221283 /* Pods-AuthenticatorDemo.release.xcconfig */;
			buildSettings = {
				ASSETCATALOG_COMPILER_APPICON_NAME = AppIcon;
				ASSETCATALOG_COMPILER_GLOBAL_ACCENT_COLOR_NAME = AccentColor;
				CODE_SIGN_STYLE = Automatic;
				CURRENT_PROJECT_VERSION = 1;
				GENERATE_INFOPLIST_FILE = YES;
				INFOPLIST_FILE = AuthenticatorDemo/Info.plist;
				INFOPLIST_KEY_UIApplicationSupportsIndirectInputEvents = YES;
				INFOPLIST_KEY_UILaunchStoryboardName = LaunchScreen;
				INFOPLIST_KEY_UISupportedInterfaceOrientations_iPad = "UIInterfaceOrientationPortrait UIInterfaceOrientationPortraitUpsideDown UIInterfaceOrientationLandscapeLeft UIInterfaceOrientationLandscapeRight";
				INFOPLIST_KEY_UISupportedInterfaceOrientations_iPhone = "UIInterfaceOrientationPortrait UIInterfaceOrientationLandscapeLeft UIInterfaceOrientationLandscapeRight";
				LD_RUNPATH_SEARCH_PATHS = (
					"$(inherited)",
					"@executable_path/Frameworks",
				);
				MARKETING_VERSION = 1.0;
				PRODUCT_BUNDLE_IDENTIFIER = oss.automattic.AuthenticatorDemo;
				PRODUCT_NAME = "$(TARGET_NAME)";
				SWIFT_EMIT_LOC_STRINGS = YES;
				SWIFT_VERSION = 5.0;
				TARGETED_DEVICE_FAMILY = "1,2";
			};
			name = Release;
		};
/* End XCBuildConfiguration section */

/* Begin XCConfigurationList section */
		3F27A54F291AE3CF0000996B /* Build configuration list for PBXAggregateTarget "GenerateCredentials" */ = {
			isa = XCConfigurationList;
			buildConfigurations = (
				3F27A550291AE3CF0000996B /* Debug */,
				3F27A551291AE3CF0000996B /* Release */,
			);
			defaultConfigurationIsVisible = 0;
			defaultConfigurationName = Release;
		};
		3FB5B6E62912420E00F40408 /* Build configuration list for PBXProject "AuthenticatorDemo" */ = {
			isa = XCConfigurationList;
			buildConfigurations = (
				3FB5B6FD2912420F00F40408 /* Debug */,
				3FB5B6FE2912420F00F40408 /* Release */,
			);
			defaultConfigurationIsVisible = 0;
			defaultConfigurationName = Release;
		};
		3FB5B6FF2912420F00F40408 /* Build configuration list for PBXNativeTarget "AuthenticatorDemo" */ = {
			isa = XCConfigurationList;
			buildConfigurations = (
				3FB5B7002912420F00F40408 /* Debug */,
				3FB5B7012912420F00F40408 /* Release */,
			);
			defaultConfigurationIsVisible = 0;
			defaultConfigurationName = Release;
		};
/* End XCConfigurationList section */
	};
	rootObject = 3FB5B6E32912420E00F40408 /* Project object */;
}
